
Microsoft Visual Studio Solution File, Format Version 12.00
# Visual Studio Version 16
VisualStudioVersion = 16.0.30330.147
MinimumVisualStudioVersion = 10.0.40219.1
Project("{FAE04EC0-301F-11D3-BF4B-00C04F79EFBC}") = "TarkovAssistant", "TarkovAssistant.csproj", "{3DC4060D-2628-42FC-BF06-272A40AC7360}"
EndProject
Project("{2150E333-8FDC-42A3-9474-1A3956D46DE8}") = "Solution Items", "Solution Items", "{F96DD006-AF56-4B6F-80B6-8BF1C09827CA}"
	ProjectSection(SolutionItems) = preProject
		maps\customs.png = maps\customs.png
		maps\interchange.png = maps\interchange.png
		maps\shoreline.png = maps\shoreline.png
	EndProjectSection
EndProject
Global
	GlobalSection(SolutionConfigurationPlatforms) = preSolution
		Debug|Any CPU = Debug|Any CPU
		Release|Any CPU = Release|Any CPU
	EndGlobalSection
	GlobalSection(ProjectConfigurationPlatforms) = postSolution
		{3DC4060D-2628-42FC-BF06-272A40AC7360}.Debug|Any CPU.ActiveCfg = Debug|Any CPU
		{3DC4060D-2628-42FC-BF06-272A40AC7360}.Debug|Any CPU.Build.0 = Debug|Any CPU
		{3DC4060D-2628-42FC-BF06-272A40AC7360}.Release|Any CPU.ActiveCfg = Release|Any CPU
		{3DC4060D-2628-42FC-BF06-272A40AC7360}.Release|Any CPU.Build.0 = Release|Any CPU
	EndGlobalSection
	GlobalSection(SolutionProperties) = preSolution
		HideSolutionNode = FALSE
	EndGlobalSection
	GlobalSection(ExtensibilityGlobals) = postSolution
		SolutionGuid = {F9C63F46-48AD-4594-927F-E6DDD99C3678}
	EndGlobalSection
EndGlobal
