
Microsoft Visual Studio Solution File, Format Version 12.00
# Visual Studio Version 16
VisualStudioVersion = 16.0.30330.147
MinimumVisualStudioVersion = 10.0.40219.1
Project("{FAE04EC0-301F-11D3-BF4B-00C04F79EFBC}") = "TarkovAssistantWPF", "TarkovAssistantWPF.csproj", "{720D5C05-51DF-418C-842E-159268591857}"
EndProject
Project("{2150E333-8FDC-42A3-9474-1A3956D46DE8}") = "Solution Items", "Solution Items", "{D42AB51A-8DCE-44E5-81BB-2DF268D4B48E}"
	ProjectSection(SolutionItems) = preProject
		maps\customs.png = maps\customs.png
		maps\interchange.png = maps\interchange.png
		maps\shoreline.png = maps\shoreline.png
		maps\woods.png = maps\woods.png
	EndProjectSection
EndProject
Project("{54435603-DBB4-11D2-8724-00A0C9A8B90C}") = "TarkovAssistantSetup", "TarkovAssistantSetup\TarkovAssistantSetup.vdproj", "{42E7B365-2F54-4147-82FC-3A62D3151222}"
EndProject
Global
	GlobalSection(SolutionConfigurationPlatforms) = preSolution
		Debug|Any CPU = Debug|Any CPU
		Debug|ARM = Debug|ARM
		Debug|ARM64 = Debug|ARM64
		Debug|x64 = Debug|x64
		Debug|x86 = Debug|x86
		Release|Any CPU = Release|Any CPU
		Release|ARM = Release|ARM
		Release|ARM64 = Release|ARM64
		Release|x64 = Release|x64
		Release|x86 = Release|x86
	EndGlobalSection
	GlobalSection(ProjectConfigurationPlatforms) = postSolution
		{720D5C05-51DF-418C-842E-159268591857}.Debug|Any CPU.ActiveCfg = Debug|Any CPU
		{720D5C05-51DF-418C-842E-159268591857}.Debug|Any CPU.Build.0 = Debug|Any CPU
		{720D5C05-51DF-418C-842E-159268591857}.Debug|ARM.ActiveCfg = Debug|Any CPU
		{720D5C05-51DF-418C-842E-159268591857}.Debug|ARM.Build.0 = Debug|Any CPU
		{720D5C05-51DF-418C-842E-159268591857}.Debug|ARM64.ActiveCfg = Debug|Any CPU
		{720D5C05-51DF-418C-842E-159268591857}.Debug|ARM64.Build.0 = Debug|Any CPU
		{720D5C05-51DF-418C-842E-159268591857}.Debug|x64.ActiveCfg = Debug|Any CPU
		{720D5C05-51DF-418C-842E-159268591857}.Debug|x64.Build.0 = Debug|Any CPU
		{720D5C05-51DF-418C-842E-159268591857}.Debug|x86.ActiveCfg = Debug|Any CPU
		{720D5C05-51DF-418C-842E-159268591857}.Debug|x86.Build.0 = Debug|Any CPU
		{720D5C05-51DF-418C-842E-159268591857}.Release|Any CPU.ActiveCfg = Release|Any CPU
		{720D5C05-51DF-418C-842E-159268591857}.Release|Any CPU.Build.0 = Release|Any CPU
		{720D5C05-51DF-418C-842E-159268591857}.Release|ARM.ActiveCfg = Release|Any CPU
		{720D5C05-51DF-418C-842E-159268591857}.Release|ARM.Build.0 = Release|Any CPU
		{720D5C05-51DF-418C-842E-159268591857}.Release|ARM64.ActiveCfg = Release|Any CPU
		{720D5C05-51DF-418C-842E-159268591857}.Release|ARM64.Build.0 = Release|Any CPU
		{720D5C05-51DF-418C-842E-159268591857}.Release|x64.ActiveCfg = Release|Any CPU
		{720D5C05-51DF-418C-842E-159268591857}.Release|x64.Build.0 = Release|Any CPU
		{720D5C05-51DF-418C-842E-159268591857}.Release|x86.ActiveCfg = Release|Any CPU
		{720D5C05-51DF-418C-842E-159268591857}.Release|x86.Build.0 = Release|Any CPU
		{42E7B365-2F54-4147-82FC-3A62D3151222}.Debug|Any CPU.ActiveCfg = Debug
		{42E7B365-2F54-4147-82FC-3A62D3151222}.Debug|Any CPU.Build.0 = Debug
		{42E7B365-2F54-4147-82FC-3A62D3151222}.Debug|ARM.ActiveCfg = Debug
		{42E7B365-2F54-4147-82FC-3A62D3151222}.Debug|ARM.Build.0 = Debug
		{42E7B365-2F54-4147-82FC-3A62D3151222}.Debug|ARM64.ActiveCfg = Debug
		{42E7B365-2F54-4147-82FC-3A62D3151222}.Debug|ARM64.Build.0 = Debug
		{42E7B365-2F54-4147-82FC-3A62D3151222}.Debug|x64.ActiveCfg = Debug
		{42E7B365-2F54-4147-82FC-3A62D3151222}.Debug|x64.Build.0 = Debug
		{42E7B365-2F54-4147-82FC-3A62D3151222}.Debug|x86.ActiveCfg = Debug
		{42E7B365-2F54-4147-82FC-3A62D3151222}.Debug|x86.Build.0 = Debug
		{42E7B365-2F54-4147-82FC-3A62D3151222}.Release|Any CPU.ActiveCfg = Release
		{42E7B365-2F54-4147-82FC-3A62D3151222}.Release|Any CPU.Build.0 = Release
		{42E7B365-2F54-4147-82FC-3A62D3151222}.Release|ARM.ActiveCfg = Release
		{42E7B365-2F54-4147-82FC-3A62D3151222}.Release|ARM.Build.0 = Release
		{42E7B365-2F54-4147-82FC-3A62D3151222}.Release|ARM64.ActiveCfg = Release
		{42E7B365-2F54-4147-82FC-3A62D3151222}.Release|ARM64.Build.0 = Release
		{42E7B365-2F54-4147-82FC-3A62D3151222}.Release|x64.ActiveCfg = Release
		{42E7B365-2F54-4147-82FC-3A62D3151222}.Release|x64.Build.0 = Release
		{42E7B365-2F54-4147-82FC-3A62D3151222}.Release|x86.ActiveCfg = Release
		{42E7B365-2F54-4147-82FC-3A62D3151222}.Release|x86.Build.0 = Release
	EndGlobalSection
	GlobalSection(SolutionProperties) = preSolution
		HideSolutionNode = FALSE
	EndGlobalSection
	GlobalSection(ExtensibilityGlobals) = postSolution
		SolutionGuid = {B3F774E3-462B-42A6-A6D2-89E0B2CC175C}
	EndGlobalSection
EndGlobal
